
Microsoft Visual Studio Solution File, Format Version 12.00
# Visual Studio Version 16
VisualStudioVersion = 16.0.30523.141
MinimumVisualStudioVersion = 10.0.40219.1
Project("{FAE04EC0-301F-11D3-BF4B-00C04F79EFBC}") = "Ovning3", "Ovning3.csproj", "{2F474C56-E099-4F6D-A704-BB1D40F8C867}"
EndProject
Global
	GlobalSection(SolutionConfigurationPlatforms) = preSolution
		Debug|Any CPU = Debug|Any CPU
		Release|Any CPU = Release|Any CPU
	EndGlobalSection
	GlobalSection(ProjectConfigurationPlatforms) = postSolution
		{2F474C56-E099-4F6D-A704-BB1D40F8C867}.Debug|Any CPU.ActiveCfg = Debug|Any CPU
		{2F474C56-E099-4F6D-A704-BB1D40F8C867}.Debug|Any CPU.Build.0 = Debug|Any CPU
		{2F474C56-E099-4F6D-A704-BB1D40F8C867}.Release|Any CPU.ActiveCfg = Release|Any CPU
		{2F474C56-E099-4F6D-A704-BB1D40F8C867}.Release|Any CPU.Build.0 = Release|Any CPU
	EndGlobalSection
	GlobalSection(SolutionProperties) = preSolution
		HideSolutionNode = FALSE
	EndGlobalSection
	GlobalSection(ExtensibilityGlobals) = postSolution
		SolutionGuid = {6723ADD5-3F04-489E-A863-75D4C1EACB1E}
	EndGlobalSection
EndGlobal
